// !$*UTF8*$!
{
	archiveVersion = 1;
	classes = {
	};
	objectVersion = 56;
	objects = {

/* Begin PBXBuildFile section */
		B4F48810AEAB4A9301D0FAA5 /* Pods_PicsumTask_PicsumTaskUITests.framework in Frameworks */ = {isa = PBXBuildFile; fileRef = 0F001CAD04DB11FBC3C0740E /* Pods_PicsumTask_PicsumTaskUITests.framework */; };
		E2620BC32A0787BA008E4BC7 /* Main.storyboard in Resources */ = {isa = PBXBuildFile; fileRef = E2620BC12A0787BA008E4BC7 /* Main.storyboard */; };
		E2620BC52A0787BB008E4BC7 /* Assets.xcassets in Resources */ = {isa = PBXBuildFile; fileRef = E2620BC42A0787BB008E4BC7 /* Assets.xcassets */; };
		E2620BC82A0787BB008E4BC7 /* LaunchScreen.storyboard in Resources */ = {isa = PBXBuildFile; fileRef = E2620BC62A0787BB008E4BC7 /* LaunchScreen.storyboard */; };
		E2620BD32A0787BB008E4BC7 /* PicsumTaskTests.swift in Sources */ = {isa = PBXBuildFile; fileRef = E2620BD22A0787BB008E4BC7 /* PicsumTaskTests.swift */; };
		E2620BDD2A0787BB008E4BC7 /* PicsumTaskUITests.swift in Sources */ = {isa = PBXBuildFile; fileRef = E2620BDC2A0787BB008E4BC7 /* PicsumTaskUITests.swift */; };
		E2620BDF2A0787BB008E4BC7 /* PicsumTaskUITestsLaunchTests.swift in Sources */ = {isa = PBXBuildFile; fileRef = E2620BDE2A0787BB008E4BC7 /* PicsumTaskUITestsLaunchTests.swift */; };
		E2620C072A078F31008E4BC7 /* Pics.swift in Sources */ = {isa = PBXBuildFile; fileRef = E2620BFF2A078F31008E4BC7 /* Pics.swift */; };
		E2620C082A078F31008E4BC7 /* PicsListViewModel.swift in Sources */ = {isa = PBXBuildFile; fileRef = E2620C002A078F31008E4BC7 /* PicsListViewModel.swift */; };
		E2620C092A078F31008E4BC7 /* PicsListViewController.swift in Sources */ = {isa = PBXBuildFile; fileRef = E2620C012A078F31008E4BC7 /* PicsListViewController.swift */; };
		E2620C0A2A078F31008E4BC7 /* AppDelegate.swift in Sources */ = {isa = PBXBuildFile; fileRef = E2620C032A078F31008E4BC7 /* AppDelegate.swift */; };
		E2620C0B2A078F31008E4BC7 /* SceneDelegate.swift in Sources */ = {isa = PBXBuildFile; fileRef = E2620C042A078F31008E4BC7 /* SceneDelegate.swift */; };
		E2620C202A079880008E4BC7 /* UITableView+Extension.swift in Sources */ = {isa = PBXBuildFile; fileRef = E2620C0F2A079880008E4BC7 /* UITableView+Extension.swift */; };
		E2620C212A079880008E4BC7 /* Constants.swift in Sources */ = {isa = PBXBuildFile; fileRef = E2620C112A079880008E4BC7 /* Constants.swift */; };
		E2620C222A079880008E4BC7 /* Loader.swift in Sources */ = {isa = PBXBuildFile; fileRef = E2620C122A079880008E4BC7 /* Loader.swift */; };
		E2620C232A079880008E4BC7 /* BaseViewController.swift in Sources */ = {isa = PBXBuildFile; fileRef = E2620C142A079880008E4BC7 /* BaseViewController.swift */; };
		E2620C242A079880008E4BC7 /* BaseViewModel.swift in Sources */ = {isa = PBXBuildFile; fileRef = E2620C152A079880008E4BC7 /* BaseViewModel.swift */; };
		E2620C252A079880008E4BC7 /* HTTPMethod.swift in Sources */ = {isa = PBXBuildFile; fileRef = E2620C192A079880008E4BC7 /* HTTPMethod.swift */; };
		E2620C262A079880008E4BC7 /* HTTPError.swift in Sources */ = {isa = PBXBuildFile; fileRef = E2620C1A2A079880008E4BC7 /* HTTPError.swift */; };
		E2620C272A079880008E4BC7 /* ApiManager.swift in Sources */ = {isa = PBXBuildFile; fileRef = E2620C1B2A079880008E4BC7 /* ApiManager.swift */; };
		E2620C282A079880008E4BC7 /* ServiceManager.swift in Sources */ = {isa = PBXBuildFile; fileRef = E2620C1C2A079880008E4BC7 /* ServiceManager.swift */; };
		E2B8CE3E2A07D3400081D66E /* PicsListCell.swift in Sources */ = {isa = PBXBuildFile; fileRef = E2B8CE3C2A07D3400081D66E /* PicsListCell.swift */; };
		E2B8CE3F2A07D3400081D66E /* PicsListCell.xib in Resources */ = {isa = PBXBuildFile; fileRef = E2B8CE3D2A07D3400081D66E /* PicsListCell.xib */; };
		E2B8CE412A07E55D0081D66E /* PicsDetailViewController.swift in Sources */ = {isa = PBXBuildFile; fileRef = E2B8CE402A07E55D0081D66E /* PicsDetailViewController.swift */; };
		F0002ABEF8AADB661683B360 /* Pods_PicsumTaskTests.framework in Frameworks */ = {isa = PBXBuildFile; fileRef = 2FAA089780DE641530C539B1 /* Pods_PicsumTaskTests.framework */; };
		FD3CB411C6A1C045C7894F58 /* Pods_PicsumTask.framework in Frameworks */ = {isa = PBXBuildFile; fileRef = 60E583FD80D7B51E548B2B23 /* Pods_PicsumTask.framework */; };
/* End PBXBuildFile section */

/* Begin PBXContainerItemProxy section */
		E2620BCF2A0787BB008E4BC7 /* PBXContainerItemProxy */ = {
			isa = PBXContainerItemProxy;
			containerPortal = E2620BB02A0787BA008E4BC7 /* Project object */;
			proxyType = 1;
			remoteGlobalIDString = E2620BB72A0787BA008E4BC7;
			remoteInfo = PicsumTask;
		};
		E2620BD92A0787BB008E4BC7 /* PBXContainerItemProxy */ = {
			isa = PBXContainerItemProxy;
			containerPortal = E2620BB02A0787BA008E4BC7 /* Project object */;
			proxyType = 1;
			remoteGlobalIDString = E2620BB72A0787BA008E4BC7;
			remoteInfo = PicsumTask;
		};
/* End PBXContainerItemProxy section */

/* Begin PBXFileReference section */
		0F001CAD04DB11FBC3C0740E /* Pods_PicsumTask_PicsumTaskUITests.framework */ = {isa = PBXFileReference; explicitFileType = wrapper.framework; includeInIndex = 0; path = Pods_PicsumTask_PicsumTaskUITests.framework; sourceTree = BUILT_PRODUCTS_DIR; };
		14C2406E44EB983099FAAD01 /* Pods-PicsumTask.debug.xcconfig */ = {isa = PBXFileReference; includeInIndex = 1; lastKnownFileType = text.xcconfig; name = "Pods-PicsumTask.debug.xcconfig"; path = "Target Support Files/Pods-PicsumTask/Pods-PicsumTask.debug.xcconfig"; sourceTree = "<group>"; };
		2FAA089780DE641530C539B1 /* Pods_PicsumTaskTests.framework */ = {isa = PBXFileReference; explicitFileType = wrapper.framework; includeInIndex = 0; path = Pods_PicsumTaskTests.framework; sourceTree = BUILT_PRODUCTS_DIR; };
		3EDF7FAF096A1727D989BE10 /* Pods-PicsumTask.release.xcconfig */ = {isa = PBXFileReference; includeInIndex = 1; lastKnownFileType = text.xcconfig; name = "Pods-PicsumTask.release.xcconfig"; path = "Target Support Files/Pods-PicsumTask/Pods-PicsumTask.release.xcconfig"; sourceTree = "<group>"; };
		4186628708A17964C329339C /* Pods-PicsumTaskTests.debug.xcconfig */ = {isa = PBXFileReference; includeInIndex = 1; lastKnownFileType = text.xcconfig; name = "Pods-PicsumTaskTests.debug.xcconfig"; path = "Target Support Files/Pods-PicsumTaskTests/Pods-PicsumTaskTests.debug.xcconfig"; sourceTree = "<group>"; };
		60E583FD80D7B51E548B2B23 /* Pods_PicsumTask.framework */ = {isa = PBXFileReference; explicitFileType = wrapper.framework; includeInIndex = 0; path = Pods_PicsumTask.framework; sourceTree = BUILT_PRODUCTS_DIR; };
		A213AA156A43B8AEED547F87 /* Pods-PicsumTask-PicsumTaskUITests.release.xcconfig */ = {isa = PBXFileReference; includeInIndex = 1; lastKnownFileType = text.xcconfig; name = "Pods-PicsumTask-PicsumTaskUITests.release.xcconfig"; path = "Target Support Files/Pods-PicsumTask-PicsumTaskUITests/Pods-PicsumTask-PicsumTaskUITests.release.xcconfig"; sourceTree = "<group>"; };
		A2823BEA9BDC7990CE4F3632 /* Pods-PicsumTask-PicsumTaskUITests.debug.xcconfig */ = {isa = PBXFileReference; includeInIndex = 1; lastKnownFileType = text.xcconfig; name = "Pods-PicsumTask-PicsumTaskUITests.debug.xcconfig"; path = "Target Support Files/Pods-PicsumTask-PicsumTaskUITests/Pods-PicsumTask-PicsumTaskUITests.debug.xcconfig"; sourceTree = "<group>"; };
		C121D54A043E6DDF2ED8D65C /* Pods-PicsumTaskTests.release.xcconfig */ = {isa = PBXFileReference; includeInIndex = 1; lastKnownFileType = text.xcconfig; name = "Pods-PicsumTaskTests.release.xcconfig"; path = "Target Support Files/Pods-PicsumTaskTests/Pods-PicsumTaskTests.release.xcconfig"; sourceTree = "<group>"; };
		E2620BB82A0787BA008E4BC7 /* PicsumTask.app */ = {isa = PBXFileReference; explicitFileType = wrapper.application; includeInIndex = 0; path = PicsumTask.app; sourceTree = BUILT_PRODUCTS_DIR; };
		E2620BC22A0787BA008E4BC7 /* Base */ = {isa = PBXFileReference; lastKnownFileType = file.storyboard; name = Base; path = Base.lproj/Main.storyboard; sourceTree = "<group>"; };
		E2620BC42A0787BB008E4BC7 /* Assets.xcassets */ = {isa = PBXFileReference; lastKnownFileType = folder.assetcatalog; path = Assets.xcassets; sourceTree = "<group>"; };
		E2620BC72A0787BB008E4BC7 /* Base */ = {isa = PBXFileReference; lastKnownFileType = file.storyboard; name = Base; path = Base.lproj/LaunchScreen.storyboard; sourceTree = "<group>"; };
		E2620BC92A0787BB008E4BC7 /* Info.plist */ = {isa = PBXFileReference; lastKnownFileType = text.plist.xml; path = Info.plist; sourceTree = "<group>"; };
		E2620BCE2A0787BB008E4BC7 /* PicsumTaskTests.xctest */ = {isa = PBXFileReference; explicitFileType = wrapper.cfbundle; includeInIndex = 0; path = PicsumTaskTests.xctest; sourceTree = BUILT_PRODUCTS_DIR; };
		E2620BD22A0787BB008E4BC7 /* PicsumTaskTests.swift */ = {isa = PBXFileReference; lastKnownFileType = sourcecode.swift; path = PicsumTaskTests.swift; sourceTree = "<group>"; };
		E2620BD82A0787BB008E4BC7 /* PicsumTaskUITests.xctest */ = {isa = PBXFileReference; explicitFileType = wrapper.cfbundle; includeInIndex = 0; path = PicsumTaskUITests.xctest; sourceTree = BUILT_PRODUCTS_DIR; };
		E2620BDC2A0787BB008E4BC7 /* PicsumTaskUITests.swift */ = {isa = PBXFileReference; lastKnownFileType = sourcecode.swift; path = PicsumTaskUITests.swift; sourceTree = "<group>"; };
		E2620BDE2A0787BB008E4BC7 /* PicsumTaskUITestsLaunchTests.swift */ = {isa = PBXFileReference; lastKnownFileType = sourcecode.swift; path = PicsumTaskUITestsLaunchTests.swift; sourceTree = "<group>"; };
		E2620BFF2A078F31008E4BC7 /* Pics.swift */ = {isa = PBXFileReference; fileEncoding = 4; lastKnownFileType = sourcecode.swift; path = Pics.swift; sourceTree = "<group>"; };
		E2620C002A078F31008E4BC7 /* PicsListViewModel.swift */ = {isa = PBXFileReference; fileEncoding = 4; lastKnownFileType = sourcecode.swift; path = PicsListViewModel.swift; sourceTree = "<group>"; };
		E2620C012A078F31008E4BC7 /* PicsListViewController.swift */ = {isa = PBXFileReference; fileEncoding = 4; lastKnownFileType = sourcecode.swift; path = PicsListViewController.swift; sourceTree = "<group>"; };
		E2620C032A078F31008E4BC7 /* AppDelegate.swift */ = {isa = PBXFileReference; fileEncoding = 4; lastKnownFileType = sourcecode.swift; path = AppDelegate.swift; sourceTree = "<group>"; };
		E2620C042A078F31008E4BC7 /* SceneDelegate.swift */ = {isa = PBXFileReference; fileEncoding = 4; lastKnownFileType = sourcecode.swift; path = SceneDelegate.swift; sourceTree = "<group>"; };
		E2620C0F2A079880008E4BC7 /* UITableView+Extension.swift */ = {isa = PBXFileReference; fileEncoding = 4; lastKnownFileType = sourcecode.swift; path = "UITableView+Extension.swift"; sourceTree = "<group>"; };
		E2620C112A079880008E4BC7 /* Constants.swift */ = {isa = PBXFileReference; fileEncoding = 4; lastKnownFileType = sourcecode.swift; path = Constants.swift; sourceTree = "<group>"; };
		E2620C122A079880008E4BC7 /* Loader.swift */ = {isa = PBXFileReference; fileEncoding = 4; lastKnownFileType = sourcecode.swift; path = Loader.swift; sourceTree = "<group>"; };
		E2620C142A079880008E4BC7 /* BaseViewController.swift */ = {isa = PBXFileReference; fileEncoding = 4; lastKnownFileType = sourcecode.swift; path = BaseViewController.swift; sourceTree = "<group>"; };
		E2620C152A079880008E4BC7 /* BaseViewModel.swift */ = {isa = PBXFileReference; fileEncoding = 4; lastKnownFileType = sourcecode.swift; path = BaseViewModel.swift; sourceTree = "<group>"; };
		E2620C192A079880008E4BC7 /* HTTPMethod.swift */ = {isa = PBXFileReference; fileEncoding = 4; lastKnownFileType = sourcecode.swift; path = HTTPMethod.swift; sourceTree = "<group>"; };
		E2620C1A2A079880008E4BC7 /* HTTPError.swift */ = {isa = PBXFileReference; fileEncoding = 4; lastKnownFileType = sourcecode.swift; path = HTTPError.swift; sourceTree = "<group>"; };
		E2620C1B2A079880008E4BC7 /* ApiManager.swift */ = {isa = PBXFileReference; fileEncoding = 4; lastKnownFileType = sourcecode.swift; path = ApiManager.swift; sourceTree = "<group>"; };
		E2620C1C2A079880008E4BC7 /* ServiceManager.swift */ = {isa = PBXFileReference; fileEncoding = 4; lastKnownFileType = sourcecode.swift; path = ServiceManager.swift; sourceTree = "<group>"; };
		E2B8CE3C2A07D3400081D66E /* PicsListCell.swift */ = {isa = PBXFileReference; lastKnownFileType = sourcecode.swift; path = PicsListCell.swift; sourceTree = "<group>"; };
		E2B8CE3D2A07D3400081D66E /* PicsListCell.xib */ = {isa = PBXFileReference; lastKnownFileType = file.xib; path = PicsListCell.xib; sourceTree = "<group>"; };
		E2B8CE402A07E55D0081D66E /* PicsDetailViewController.swift */ = {isa = PBXFileReference; lastKnownFileType = sourcecode.swift; path = PicsDetailViewController.swift; sourceTree = "<group>"; };
/* End PBXFileReference section */

/* Begin PBXFrameworksBuildPhase section */
		E2620BB52A0787BA008E4BC7 /* Frameworks */ = {
			isa = PBXFrameworksBuildPhase;
			buildActionMask = 2147483647;
			files = (
				FD3CB411C6A1C045C7894F58 /* Pods_PicsumTask.framework in Frameworks */,
			);
			runOnlyForDeploymentPostprocessing = 0;
		};
		E2620BCB2A0787BB008E4BC7 /* Frameworks */ = {
			isa = PBXFrameworksBuildPhase;
			buildActionMask = 2147483647;
			files = (
				F0002ABEF8AADB661683B360 /* Pods_PicsumTaskTests.framework in Frameworks */,
			);
			runOnlyForDeploymentPostprocessing = 0;
		};
		E2620BD52A0787BB008E4BC7 /* Frameworks */ = {
			isa = PBXFrameworksBuildPhase;
			buildActionMask = 2147483647;
			files = (
				B4F48810AEAB4A9301D0FAA5 /* Pods_PicsumTask_PicsumTaskUITests.framework in Frameworks */,
			);
			runOnlyForDeploymentPostprocessing = 0;
		};
/* End PBXFrameworksBuildPhase section */

/* Begin PBXGroup section */
		67D7193ACEE7701358B71E34 /* Pods */ = {
			isa = PBXGroup;
			children = (
				14C2406E44EB983099FAAD01 /* Pods-PicsumTask.debug.xcconfig */,
				3EDF7FAF096A1727D989BE10 /* Pods-PicsumTask.release.xcconfig */,
				A2823BEA9BDC7990CE4F3632 /* Pods-PicsumTask-PicsumTaskUITests.debug.xcconfig */,
				A213AA156A43B8AEED547F87 /* Pods-PicsumTask-PicsumTaskUITests.release.xcconfig */,
				4186628708A17964C329339C /* Pods-PicsumTaskTests.debug.xcconfig */,
				C121D54A043E6DDF2ED8D65C /* Pods-PicsumTaskTests.release.xcconfig */,
			);
			path = Pods;
			sourceTree = "<group>";
		};
		68323035495733DC0EB13F90 /* Frameworks */ = {
			isa = PBXGroup;
			children = (
				60E583FD80D7B51E548B2B23 /* Pods_PicsumTask.framework */,
				0F001CAD04DB11FBC3C0740E /* Pods_PicsumTask_PicsumTaskUITests.framework */,
				2FAA089780DE641530C539B1 /* Pods_PicsumTaskTests.framework */,
			);
			name = Frameworks;
			sourceTree = "<group>";
		};
		E2620BAF2A0787BA008E4BC7 = {
			isa = PBXGroup;
			children = (
				E2620BBA2A0787BA008E4BC7 /* PicsumTask */,
				E2620BD12A0787BB008E4BC7 /* PicsumTaskTests */,
				E2620BDB2A0787BB008E4BC7 /* PicsumTaskUITests */,
				E2620BB92A0787BA008E4BC7 /* Products */,
				67D7193ACEE7701358B71E34 /* Pods */,
				68323035495733DC0EB13F90 /* Frameworks */,
			);
			sourceTree = "<group>";
		};
		E2620BB92A0787BA008E4BC7 /* Products */ = {
			isa = PBXGroup;
			children = (
				E2620BB82A0787BA008E4BC7 /* PicsumTask.app */,
				E2620BCE2A0787BB008E4BC7 /* PicsumTaskTests.xctest */,
				E2620BD82A0787BB008E4BC7 /* PicsumTaskUITests.xctest */,
			);
			name = Products;
			sourceTree = "<group>";
		};
		E2620BBA2A0787BA008E4BC7 /* PicsumTask */ = {
			isa = PBXGroup;
			children = (
				E2620C132A079880008E4BC7 /* Base */,
				E2620C0D2A079880008E4BC7 /* Extensions */,
				E2620C162A079880008E4BC7 /* Services */,
				E2620C102A079880008E4BC7 /* Utils */,
				E2620C022A078F31008E4BC7 /* Application */,
				E2620BFD2A078F31008E4BC7 /* PicsDetailView */,
				E2620BFE2A078F31008E4BC7 /* PicsListView */,
				E2620BC12A0787BA008E4BC7 /* Main.storyboard */,
				E2620BC42A0787BB008E4BC7 /* Assets.xcassets */,
				E2620BC62A0787BB008E4BC7 /* LaunchScreen.storyboard */,
				E2620BC92A0787BB008E4BC7 /* Info.plist */,
			);
			path = PicsumTask;
			sourceTree = "<group>";
		};
		E2620BD12A0787BB008E4BC7 /* PicsumTaskTests */ = {
			isa = PBXGroup;
			children = (
				E2620BD22A0787BB008E4BC7 /* PicsumTaskTests.swift */,
			);
			path = PicsumTaskTests;
			sourceTree = "<group>";
		};
		E2620BDB2A0787BB008E4BC7 /* PicsumTaskUITests */ = {
			isa = PBXGroup;
			children = (
				E2620BDC2A0787BB008E4BC7 /* PicsumTaskUITests.swift */,
				E2620BDE2A0787BB008E4BC7 /* PicsumTaskUITestsLaunchTests.swift */,
			);
			path = PicsumTaskUITests;
			sourceTree = "<group>";
		};
		E2620BFD2A078F31008E4BC7 /* PicsDetailView */ = {
			isa = PBXGroup;
			children = (
				E2B8CE402A07E55D0081D66E /* PicsDetailViewController.swift */,
			);
			path = PicsDetailView;
			sourceTree = "<group>";
		};
		E2620BFE2A078F31008E4BC7 /* PicsListView */ = {
			isa = PBXGroup;
			children = (
				E2620BFF2A078F31008E4BC7 /* Pics.swift */,
				E2620C002A078F31008E4BC7 /* PicsListViewModel.swift */,
				E2620C012A078F31008E4BC7 /* PicsListViewController.swift */,
				E2B8CE3C2A07D3400081D66E /* PicsListCell.swift */,
				E2B8CE3D2A07D3400081D66E /* PicsListCell.xib */,
			);
			path = PicsListView;
			sourceTree = "<group>";
		};
		E2620C022A078F31008E4BC7 /* Application */ = {
			isa = PBXGroup;
			children = (
				E2620C032A078F31008E4BC7 /* AppDelegate.swift */,
				E2620C042A078F31008E4BC7 /* SceneDelegate.swift */,
			);
			path = Application;
			sourceTree = "<group>";
		};
		E2620C0D2A079880008E4BC7 /* Extensions */ = {
			isa = PBXGroup;
			children = (
				E2620C0F2A079880008E4BC7 /* UITableView+Extension.swift */,
			);
			path = Extensions;
			sourceTree = "<group>";
		};
		E2620C102A079880008E4BC7 /* Utils */ = {
			isa = PBXGroup;
			children = (
				E2620C112A079880008E4BC7 /* Constants.swift */,
				E2620C122A079880008E4BC7 /* Loader.swift */,
			);
			path = Utils;
			sourceTree = "<group>";
		};
		E2620C132A079880008E4BC7 /* Base */ = {
			isa = PBXGroup;
			children = (
				E2620C142A079880008E4BC7 /* BaseViewController.swift */,
				E2620C152A079880008E4BC7 /* BaseViewModel.swift */,
			);
			path = Base;
			sourceTree = "<group>";
		};
		E2620C162A079880008E4BC7 /* Services */ = {
			isa = PBXGroup;
			children = (
				E2620C172A079880008E4BC7 /* Managers */,
			);
			path = Services;
			sourceTree = "<group>";
		};
		E2620C172A079880008E4BC7 /* Managers */ = {
			isa = PBXGroup;
			children = (
				E2620C182A079880008E4BC7 /* HttpMethods */,
				E2620C1B2A079880008E4BC7 /* ApiManager.swift */,
				E2620C1C2A079880008E4BC7 /* ServiceManager.swift */,
			);
			path = Managers;
			sourceTree = "<group>";
		};
		E2620C182A079880008E4BC7 /* HttpMethods */ = {
			isa = PBXGroup;
			children = (
				E2620C192A079880008E4BC7 /* HTTPMethod.swift */,
				E2620C1A2A079880008E4BC7 /* HTTPError.swift */,
			);
			path = HttpMethods;
			sourceTree = "<group>";
		};
/* End PBXGroup section */

/* Begin PBXNativeTarget section */
		E2620BB72A0787BA008E4BC7 /* PicsumTask */ = {
			isa = PBXNativeTarget;
			buildConfigurationList = E2620BE22A0787BB008E4BC7 /* Build configuration list for PBXNativeTarget "PicsumTask" */;
			buildPhases = (
				9C42FB1C0687B2DD9051BAB5 /* [CP] Check Pods Manifest.lock */,
				E2620BB42A0787BA008E4BC7 /* Sources */,
				E2620BB52A0787BA008E4BC7 /* Frameworks */,
				E2620BB62A0787BA008E4BC7 /* Resources */,
				ACD49B129988A60374469A2F /* [CP] Embed Pods Frameworks */,
			);
			buildRules = (
			);
			dependencies = (
			);
			name = PicsumTask;
			productName = PicsumTask;
			productReference = E2620BB82A0787BA008E4BC7 /* PicsumTask.app */;
			productType = "com.apple.product-type.application";
		};
		E2620BCD2A0787BB008E4BC7 /* PicsumTaskTests */ = {
			isa = PBXNativeTarget;
			buildConfigurationList = E2620BE52A0787BB008E4BC7 /* Build configuration list for PBXNativeTarget "PicsumTaskTests" */;
			buildPhases = (
				73BA3974CEF420F682EEC569 /* [CP] Check Pods Manifest.lock */,
				E2620BCA2A0787BB008E4BC7 /* Sources */,
				E2620BCB2A0787BB008E4BC7 /* Frameworks */,
				E2620BCC2A0787BB008E4BC7 /* Resources */,
			);
			buildRules = (
			);
			dependencies = (
				E2620BD02A0787BB008E4BC7 /* PBXTargetDependency */,
			);
			name = PicsumTaskTests;
			productName = PicsumTaskTests;
			productReference = E2620BCE2A0787BB008E4BC7 /* PicsumTaskTests.xctest */;
			productType = "com.apple.product-type.bundle.unit-test";
		};
		E2620BD72A0787BB008E4BC7 /* PicsumTaskUITests */ = {
			isa = PBXNativeTarget;
			buildConfigurationList = E2620BE82A0787BB008E4BC7 /* Build configuration list for PBXNativeTarget "PicsumTaskUITests" */;
			buildPhases = (
				D11F0502204739944A7CCFB8 /* [CP] Check Pods Manifest.lock */,
				E2620BD42A0787BB008E4BC7 /* Sources */,
				E2620BD52A0787BB008E4BC7 /* Frameworks */,
				E2620BD62A0787BB008E4BC7 /* Resources */,
				2EE455F6A17A7D995644A046 /* [CP] Embed Pods Frameworks */,
			);
			buildRules = (
			);
			dependencies = (
				E2620BDA2A0787BB008E4BC7 /* PBXTargetDependency */,
			);
			name = PicsumTaskUITests;
			productName = PicsumTaskUITests;
			productReference = E2620BD82A0787BB008E4BC7 /* PicsumTaskUITests.xctest */;
			productType = "com.apple.product-type.bundle.ui-testing";
		};
/* End PBXNativeTarget section */

/* Begin PBXProject section */
		E2620BB02A0787BA008E4BC7 /* Project object */ = {
			isa = PBXProject;
			attributes = {
				BuildIndependentTargetsInParallel = 1;
				LastSwiftUpdateCheck = 1420;
				LastUpgradeCheck = 1420;
				TargetAttributes = {
					E2620BB72A0787BA008E4BC7 = {
						CreatedOnToolsVersion = 14.2;
					};
					E2620BCD2A0787BB008E4BC7 = {
						CreatedOnToolsVersion = 14.2;
						TestTargetID = E2620BB72A0787BA008E4BC7;
					};
					E2620BD72A0787BB008E4BC7 = {
						CreatedOnToolsVersion = 14.2;
						TestTargetID = E2620BB72A0787BA008E4BC7;
					};
				};
			};
			buildConfigurationList = E2620BB32A0787BA008E4BC7 /* Build configuration list for PBXProject "PicsumTask" */;
			compatibilityVersion = "Xcode 14.0";
			developmentRegion = en;
			hasScannedForEncodings = 0;
			knownRegions = (
				en,
				Base,
			);
			mainGroup = E2620BAF2A0787BA008E4BC7;
			productRefGroup = E2620BB92A0787BA008E4BC7 /* Products */;
			projectDirPath = "";
			projectRoot = "";
			targets = (
				E2620BB72A0787BA008E4BC7 /* PicsumTask */,
				E2620BCD2A0787BB008E4BC7 /* PicsumTaskTests */,
				E2620BD72A0787BB008E4BC7 /* PicsumTaskUITests */,
			);
		};
/* End PBXProject section */

/* Begin PBXResourcesBuildPhase section */
		E2620BB62A0787BA008E4BC7 /* Resources */ = {
			isa = PBXResourcesBuildPhase;
			buildActionMask = 2147483647;
			files = (
				E2B8CE3F2A07D3400081D66E /* PicsListCell.xib in Resources */,
				E2620BC82A0787BB008E4BC7 /* LaunchScreen.storyboard in Resources */,
				E2620BC52A0787BB008E4BC7 /* Assets.xcassets in Resources */,
				E2620BC32A0787BA008E4BC7 /* Main.storyboard in Resources */,
			);
			runOnlyForDeploymentPostprocessing = 0;
		};
		E2620BCC2A0787BB008E4BC7 /* Resources */ = {
			isa = PBXResourcesBuildPhase;
			buildActionMask = 2147483647;
			files = (
			);
			runOnlyForDeploymentPostprocessing = 0;
		};
		E2620BD62A0787BB008E4BC7 /* Resources */ = {
			isa = PBXResourcesBuildPhase;
			buildActionMask = 2147483647;
			files = (
			);
			runOnlyForDeploymentPostprocessing = 0;
		};
/* End PBXResourcesBuildPhase section */

/* Begin PBXShellScriptBuildPhase section */
		2EE455F6A17A7D995644A046 /* [CP] Embed Pods Frameworks */ = {
			isa = PBXShellScriptBuildPhase;
			buildActionMask = 2147483647;
			files = (
			);
			inputFileListPaths = (
				"${PODS_ROOT}/Target Support Files/Pods-PicsumTask-PicsumTaskUITests/Pods-PicsumTask-PicsumTaskUITests-frameworks-${CONFIGURATION}-input-files.xcfilelist",
			);
			name = "[CP] Embed Pods Frameworks";
			outputFileListPaths = (
				"${PODS_ROOT}/Target Support Files/Pods-PicsumTask-PicsumTaskUITests/Pods-PicsumTask-PicsumTaskUITests-frameworks-${CONFIGURATION}-output-files.xcfilelist",
			);
			runOnlyForDeploymentPostprocessing = 0;
			shellPath = /bin/sh;
			shellScript = "\"${PODS_ROOT}/Target Support Files/Pods-PicsumTask-PicsumTaskUITests/Pods-PicsumTask-PicsumTaskUITests-frameworks.sh\"\n";
			showEnvVarsInLog = 0;
		};
		73BA3974CEF420F682EEC569 /* [CP] Check Pods Manifest.lock */ = {
			isa = PBXShellScriptBuildPhase;
			buildActionMask = 2147483647;
			files = (
			);
			inputFileListPaths = (
			);
			inputPaths = (
				"${PODS_PODFILE_DIR_PATH}/Podfile.lock",
				"${PODS_ROOT}/Manifest.lock",
			);
			name = "[CP] Check Pods Manifest.lock";
			outputFileListPaths = (
			);
			outputPaths = (
				"$(DERIVED_FILE_DIR)/Pods-PicsumTaskTests-checkManifestLockResult.txt",
			);
			runOnlyForDeploymentPostprocessing = 0;
			shellPath = /bin/sh;
			shellScript = "diff \"${PODS_PODFILE_DIR_PATH}/Podfile.lock\" \"${PODS_ROOT}/Manifest.lock\" > /dev/null\nif [ $? != 0 ] ; then\n    # print error to STDERR\n    echo \"error: The sandbox is not in sync with the Podfile.lock. Run 'pod install' or update your CocoaPods installation.\" >&2\n    exit 1\nfi\n# This output is used by Xcode 'outputs' to avoid re-running this script phase.\necho \"SUCCESS\" > \"${SCRIPT_OUTPUT_FILE_0}\"\n";
			showEnvVarsInLog = 0;
		};
		9C42FB1C0687B2DD9051BAB5 /* [CP] Check Pods Manifest.lock */ = {
			isa = PBXShellScriptBuildPhase;
			buildActionMask = 2147483647;
			files = (
			);
			inputFileListPaths = (
			);
			inputPaths = (
				"${PODS_PODFILE_DIR_PATH}/Podfile.lock",
				"${PODS_ROOT}/Manifest.lock",
			);
			name = "[CP] Check Pods Manifest.lock";
			outputFileListPaths = (
			);
			outputPaths = (
				"$(DERIVED_FILE_DIR)/Pods-PicsumTask-checkManifestLockResult.txt",
			);
			runOnlyForDeploymentPostprocessing = 0;
			shellPath = /bin/sh;
			shellScript = "diff \"${PODS_PODFILE_DIR_PATH}/Podfile.lock\" \"${PODS_ROOT}/Manifest.lock\" > /dev/null\nif [ $? != 0 ] ; then\n    # print error to STDERR\n    echo \"error: The sandbox is not in sync with the Podfile.lock. Run 'pod install' or update your CocoaPods installation.\" >&2\n    exit 1\nfi\n# This output is used by Xcode 'outputs' to avoid re-running this script phase.\necho \"SUCCESS\" > \"${SCRIPT_OUTPUT_FILE_0}\"\n";
			showEnvVarsInLog = 0;
		};
		ACD49B129988A60374469A2F /* [CP] Embed Pods Frameworks */ = {
			isa = PBXShellScriptBuildPhase;
			buildActionMask = 2147483647;
			files = (
			);
			inputFileListPaths = (
				"${PODS_ROOT}/Target Support Files/Pods-PicsumTask/Pods-PicsumTask-frameworks-${CONFIGURATION}-input-files.xcfilelist",
			);
			name = "[CP] Embed Pods Frameworks";
			outputFileListPaths = (
				"${PODS_ROOT}/Target Support Files/Pods-PicsumTask/Pods-PicsumTask-frameworks-${CONFIGURATION}-output-files.xcfilelist",
			);
			runOnlyForDeploymentPostprocessing = 0;
			shellPath = /bin/sh;
			shellScript = "\"${PODS_ROOT}/Target Support Files/Pods-PicsumTask/Pods-PicsumTask-frameworks.sh\"\n";
			showEnvVarsInLog = 0;
		};
		D11F0502204739944A7CCFB8 /* [CP] Check Pods Manifest.lock */ = {
			isa = PBXShellScriptBuildPhase;
			buildActionMask = 2147483647;
			files = (
			);
			inputFileListPaths = (
			);
			inputPaths = (
				"${PODS_PODFILE_DIR_PATH}/Podfile.lock",
				"${PODS_ROOT}/Manifest.lock",
			);
			name = "[CP] Check Pods Manifest.lock";
			outputFileListPaths = (
			);
			outputPaths = (
				"$(DERIVED_FILE_DIR)/Pods-PicsumTask-PicsumTaskUITests-checkManifestLockResult.txt",
			);
			runOnlyForDeploymentPostprocessing = 0;
			shellPath = /bin/sh;
			shellScript = "diff \"${PODS_PODFILE_DIR_PATH}/Podfile.lock\" \"${PODS_ROOT}/Manifest.lock\" > /dev/null\nif [ $? != 0 ] ; then\n    # print error to STDERR\n    echo \"error: The sandbox is not in sync with the Podfile.lock. Run 'pod install' or update your CocoaPods installation.\" >&2\n    exit 1\nfi\n# This output is used by Xcode 'outputs' to avoid re-running this script phase.\necho \"SUCCESS\" > \"${SCRIPT_OUTPUT_FILE_0}\"\n";
			showEnvVarsInLog = 0;
		};
/* End PBXShellScriptBuildPhase section */

/* Begin PBXSourcesBuildPhase section */
		E2620BB42A0787BA008E4BC7 /* Sources */ = {
			isa = PBXSourcesBuildPhase;
			buildActionMask = 2147483647;
			files = (
				E2620C262A079880008E4BC7 /* HTTPError.swift in Sources */,
				E2620C232A079880008E4BC7 /* BaseViewController.swift in Sources */,
				E2B8CE3E2A07D3400081D66E /* PicsListCell.swift in Sources */,
				E2620C0B2A078F31008E4BC7 /* SceneDelegate.swift in Sources */,
				E2620C0A2A078F31008E4BC7 /* AppDelegate.swift in Sources */,
				E2620C242A079880008E4BC7 /* BaseViewModel.swift in Sources */,
				E2620C272A079880008E4BC7 /* ApiManager.swift in Sources */,
				E2620C222A079880008E4BC7 /* Loader.swift in Sources */,
				E2620C072A078F31008E4BC7 /* Pics.swift in Sources */,
				E2620C082A078F31008E4BC7 /* PicsListViewModel.swift in Sources */,
				E2B8CE412A07E55D0081D66E /* PicsDetailViewController.swift in Sources */,
				E2620C282A079880008E4BC7 /* ServiceManager.swift in Sources */,
				E2620C092A078F31008E4BC7 /* PicsListViewController.swift in Sources */,
				E2620C252A079880008E4BC7 /* HTTPMethod.swift in Sources */,
				E2620C202A079880008E4BC7 /* UITableView+Extension.swift in Sources */,
				E2620C212A079880008E4BC7 /* Constants.swift in Sources */,
			);
			runOnlyForDeploymentPostprocessing = 0;
		};
		E2620BCA2A0787BB008E4BC7 /* Sources */ = {
			isa = PBXSourcesBuildPhase;
			buildActionMask = 2147483647;
			files = (
				E2620BD32A0787BB008E4BC7 /* PicsumTaskTests.swift in Sources */,
			);
			runOnlyForDeploymentPostprocessing = 0;
		};
		E2620BD42A0787BB008E4BC7 /* Sources */ = {
			isa = PBXSourcesBuildPhase;
			buildActionMask = 2147483647;
			files = (
				E2620BDF2A0787BB008E4BC7 /* PicsumTaskUITestsLaunchTests.swift in Sources */,
				E2620BDD2A0787BB008E4BC7 /* PicsumTaskUITests.swift in Sources */,
			);
			runOnlyForDeploymentPostprocessing = 0;
		};
/* End PBXSourcesBuildPhase section */

/* Begin PBXTargetDependency section */
		E2620BD02A0787BB008E4BC7 /* PBXTargetDependency */ = {
			isa = PBXTargetDependency;
			target = E2620BB72A0787BA008E4BC7 /* PicsumTask */;
			targetProxy = E2620BCF2A0787BB008E4BC7 /* PBXContainerItemProxy */;
		};
		E2620BDA2A0787BB008E4BC7 /* PBXTargetDependency */ = {
			isa = PBXTargetDependency;
			target = E2620BB72A0787BA008E4BC7 /* PicsumTask */;
			targetProxy = E2620BD92A0787BB008E4BC7 /* PBXContainerItemProxy */;
		};
/* End PBXTargetDependency section */

/* Begin PBXVariantGroup section */
		E2620BC12A0787BA008E4BC7 /* Main.storyboard */ = {
			isa = PBXVariantGroup;
			children = (
				E2620BC22A0787BA008E4BC7 /* Base */,
			);
			name = Main.storyboard;
			sourceTree = "<group>";
		};
		E2620BC62A0787BB008E4BC7 /* LaunchScreen.storyboard */ = {
			isa = PBXVariantGroup;
			children = (
				E2620BC72A0787BB008E4BC7 /* Base */,
			);
			name = LaunchScreen.storyboard;
			sourceTree = "<group>";
		};
/* End PBXVariantGroup section */

/* Begin XCBuildConfiguration section */
		E2620BE02A0787BB008E4BC7 /* Debug */ = {
			isa = XCBuildConfiguration;
			buildSettings = {
				ALWAYS_SEARCH_USER_PATHS = NO;
				CLANG_ANALYZER_NONNULL = YES;
				CLANG_ANALYZER_NUMBER_OBJECT_CONVERSION = YES_AGGRESSIVE;
				CLANG_CXX_LANGUAGE_STANDARD = "gnu++20";
				CLANG_ENABLE_MODULES = YES;
				CLANG_ENABLE_OBJC_ARC = YES;
				CLANG_ENABLE_OBJC_WEAK = YES;
				CLANG_WARN_BLOCK_CAPTURE_AUTORELEASING = YES;
				CLANG_WARN_BOOL_CONVERSION = YES;
				CLANG_WARN_COMMA = YES;
				CLANG_WARN_CONSTANT_CONVERSION = YES;
				CLANG_WARN_DEPRECATED_OBJC_IMPLEMENTATIONS = YES;
				CLANG_WARN_DIRECT_OBJC_ISA_USAGE = YES_ERROR;
				CLANG_WARN_DOCUMENTATION_COMMENTS = YES;
				CLANG_WARN_EMPTY_BODY = YES;
				CLANG_WARN_ENUM_CONVERSION = YES;
				CLANG_WARN_INFINITE_RECURSION = YES;
				CLANG_WARN_INT_CONVERSION = YES;
				CLANG_WARN_NON_LITERAL_NULL_CONVERSION = YES;
				CLANG_WARN_OBJC_IMPLICIT_RETAIN_SELF = YES;
				CLANG_WARN_OBJC_LITERAL_CONVERSION = YES;
				CLANG_WARN_OBJC_ROOT_CLASS = YES_ERROR;
				CLANG_WARN_QUOTED_INCLUDE_IN_FRAMEWORK_HEADER = YES;
				CLANG_WARN_RANGE_LOOP_ANALYSIS = YES;
				CLANG_WARN_STRICT_PROTOTYPES = YES;
				CLANG_WARN_SUSPICIOUS_MOVE = YES;
				CLANG_WARN_UNGUARDED_AVAILABILITY = YES_AGGRESSIVE;
				CLANG_WARN_UNREACHABLE_CODE = YES;
				CLANG_WARN__DUPLICATE_METHOD_MATCH = YES;
				COPY_PHASE_STRIP = NO;
				DEBUG_INFORMATION_FORMAT = dwarf;
				ENABLE_STRICT_OBJC_MSGSEND = YES;
				ENABLE_TESTABILITY = YES;
				GCC_C_LANGUAGE_STANDARD = gnu11;
				GCC_DYNAMIC_NO_PIC = NO;
				GCC_NO_COMMON_BLOCKS = YES;
				GCC_OPTIMIZATION_LEVEL = 0;
				GCC_PREPROCESSOR_DEFINITIONS = (
					"DEBUG=1",
					"$(inherited)",
				);
				GCC_WARN_64_TO_32_BIT_CONVERSION = YES;
				GCC_WARN_ABOUT_RETURN_TYPE = YES_ERROR;
				GCC_WARN_UNDECLARED_SELECTOR = YES;
				GCC_WARN_UNINITIALIZED_AUTOS = YES_AGGRESSIVE;
				GCC_WARN_UNUSED_FUNCTION = YES;
				GCC_WARN_UNUSED_VARIABLE = YES;
				IPHONEOS_DEPLOYMENT_TARGET = 16.2;
				MTL_ENABLE_DEBUG_INFO = INCLUDE_SOURCE;
				MTL_FAST_MATH = YES;
				ONLY_ACTIVE_ARCH = YES;
				SDKROOT = iphoneos;
				SWIFT_ACTIVE_COMPILATION_CONDITIONS = DEBUG;
				SWIFT_OPTIMIZATION_LEVEL = "-Onone";
			};
			name = Debug;
		};
		E2620BE12A0787BB008E4BC7 /* Release */ = {
			isa = XCBuildConfiguration;
			buildSettings = {
				ALWAYS_SEARCH_USER_PATHS = NO;
				CLANG_ANALYZER_NONNULL = YES;
				CLANG_ANALYZER_NUMBER_OBJECT_CONVERSION = YES_AGGRESSIVE;
				CLANG_CXX_LANGUAGE_STANDARD = "gnu++20";
				CLANG_ENABLE_MODULES = YES;
				CLANG_ENABLE_OBJC_ARC = YES;
				CLANG_ENABLE_OBJC_WEAK = YES;
				CLANG_WARN_BLOCK_CAPTURE_AUTORELEASING = YES;
				CLANG_WARN_BOOL_CONVERSION = YES;
				CLANG_WARN_COMMA = YES;
				CLANG_WARN_CONSTANT_CONVERSION = YES;
				CLANG_WARN_DEPRECATED_OBJC_IMPLEMENTATIONS = YES;
				CLANG_WARN_DIRECT_OBJC_ISA_USAGE = YES_ERROR;
				CLANG_WARN_DOCUMENTATION_COMMENTS = YES;
				CLANG_WARN_EMPTY_BODY = YES;
				CLANG_WARN_ENUM_CONVERSION = YES;
				CLANG_WARN_INFINITE_RECURSION = YES;
				CLANG_WARN_INT_CONVERSION = YES;
				CLANG_WARN_NON_LITERAL_NULL_CONVERSION = YES;
				CLANG_WARN_OBJC_IMPLICIT_RETAIN_SELF = YES;
				CLANG_WARN_OBJC_LITERAL_CONVERSION = YES;
				CLANG_WARN_OBJC_ROOT_CLASS = YES_ERROR;
				CLANG_WARN_QUOTED_INCLUDE_IN_FRAMEWORK_HEADER = YES;
				CLANG_WARN_RANGE_LOOP_ANALYSIS = YES;
				CLANG_WARN_STRICT_PROTOTYPES = YES;
				CLANG_WARN_SUSPICIOUS_MOVE = YES;
				CLANG_WARN_UNGUARDED_AVAILABILITY = YES_AGGRESSIVE;
				CLANG_WARN_UNREACHABLE_CODE = YES;
				CLANG_WARN__DUPLICATE_METHOD_MATCH = YES;
				COPY_PHASE_STRIP = NO;
				DEBUG_INFORMATION_FORMAT = "dwarf-with-dsym";
				ENABLE_NS_ASSERTIONS = NO;
				ENABLE_STRICT_OBJC_MSGSEND = YES;
				GCC_C_LANGUAGE_STANDARD = gnu11;
				GCC_NO_COMMON_BLOCKS = YES;
				GCC_WARN_64_TO_32_BIT_CONVERSION = YES;
				GCC_WARN_ABOUT_RETURN_TYPE = YES_ERROR;
				GCC_WARN_UNDECLARED_SELECTOR = YES;
				GCC_WARN_UNINITIALIZED_AUTOS = YES_AGGRESSIVE;
				GCC_WARN_UNUSED_FUNCTION = YES;
				GCC_WARN_UNUSED_VARIABLE = YES;
				IPHONEOS_DEPLOYMENT_TARGET = 16.2;
				MTL_ENABLE_DEBUG_INFO = NO;
				MTL_FAST_MATH = YES;
				SDKROOT = iphoneos;
				SWIFT_COMPILATION_MODE = wholemodule;
				SWIFT_OPTIMIZATION_LEVEL = "-O";
				VALIDATE_PRODUCT = YES;
			};
			name = Release;
		};
		E2620BE32A0787BB008E4BC7 /* Debug */ = {
			isa = XCBuildConfiguration;
			baseConfigurationReference = 14C2406E44EB983099FAAD01 /* Pods-PicsumTask.debug.xcconfig */;
			buildSettings = {
				ASSETCATALOG_COMPILER_APPICON_NAME = AppIcon;
				ASSETCATALOG_COMPILER_GLOBAL_ACCENT_COLOR_NAME = AccentColor;
				CODE_SIGN_STYLE = Automatic;
				CURRENT_PROJECT_VERSION = 1;
				GENERATE_INFOPLIST_FILE = YES;
				INFOPLIST_FILE = PicsumTask/Info.plist;
				INFOPLIST_KEY_UIApplicationSupportsIndirectInputEvents = YES;
				INFOPLIST_KEY_UILaunchStoryboardName = LaunchScreen;
				INFOPLIST_KEY_UIMainStoryboardFile = Main;
				INFOPLIST_KEY_UISupportedInterfaceOrientations_iPad = "UIInterfaceOrientationPortrait UIInterfaceOrientationPortraitUpsideDown UIInterfaceOrientationLandscapeLeft UIInterfaceOrientationLandscapeRight";
				INFOPLIST_KEY_UISupportedInterfaceOrientations_iPhone = "UIInterfaceOrientationPortrait UIInterfaceOrientationLandscapeLeft UIInterfaceOrientationLandscapeRight";
				IPHONEOS_DEPLOYMENT_TARGET = 12.0;
				LD_RUNPATH_SEARCH_PATHS = (
					"$(inherited)",
					"@executable_path/Frameworks",
				);
				MARKETING_VERSION = 1.0;
				PRODUCT_BUNDLE_IDENTIFIER = com.exampleTest.PicsumTask.PicsumTask;
				PRODUCT_NAME = "$(TARGET_NAME)";
				SWIFT_EMIT_LOC_STRINGS = YES;
				SWIFT_VERSION = 5.0;
				TARGETED_DEVICE_FAMILY = "1,2";
			};
			name = Debug;
		};
		E2620BE42A0787BB008E4BC7 /* Release */ = {
			isa = XCBuildConfiguration;
			baseConfigurationReference = 3EDF7FAF096A1727D989BE10 /* Pods-PicsumTask.release.xcconfig */;
			buildSettings = {
				ASSETCATALOG_COMPILER_APPICON_NAME = AppIcon;
				ASSETCATALOG_COMPILER_GLOBAL_ACCENT_COLOR_NAME = AccentColor;
				CODE_SIGN_STYLE = Automatic;
				CURRENT_PROJECT_VERSION = 1;
				GENERATE_INFOPLIST_FILE = YES;
				INFOPLIST_FILE = PicsumTask/Info.plist;
				INFOPLIST_KEY_UIApplicationSupportsIndirectInputEvents = YES;
				INFOPLIST_KEY_UILaunchStoryboardName = LaunchScreen;
				INFOPLIST_KEY_UIMainStoryboardFile = Main;
				INFOPLIST_KEY_UISupportedInterfaceOrientations_iPad = "UIInterfaceOrientationPortrait UIInterfaceOrientationPortraitUpsideDown UIInterfaceOrientationLandscapeLeft UIInterfaceOrientationLandscapeRight";
				INFOPLIST_KEY_UISupportedInterfaceOrientations_iPhone = "UIInterfaceOrientationPortrait UIInterfaceOrientationLandscapeLeft UIInterfaceOrientationLandscapeRight";
				IPHONEOS_DEPLOYMENT_TARGET = 12.0;
				LD_RUNPATH_SEARCH_PATHS = (
					"$(inherited)",
					"@executable_path/Frameworks",
				);
				MARKETING_VERSION = 1.0;
				PRODUCT_BUNDLE_IDENTIFIER = com.exampleTest.PicsumTask.PicsumTask;
				PRODUCT_NAME = "$(TARGET_NAME)";
				SWIFT_EMIT_LOC_STRINGS = YES;
				SWIFT_VERSION = 5.0;
				TARGETED_DEVICE_FAMILY = "1,2";
			};
			name = Release;
		};
		E2620BE62A0787BB008E4BC7 /* Debug */ = {
			isa = XCBuildConfiguration;
			baseConfigurationReference = 4186628708A17964C329339C /* Pods-PicsumTaskTests.debug.xcconfig */;
			buildSettings = {
				ALWAYS_EMBED_SWIFT_STANDARD_LIBRARIES = YES;
				BUNDLE_LOADER = "$(TEST_HOST)";
				CODE_SIGN_STYLE = Automatic;
				CURRENT_PROJECT_VERSION = 1;
				GENERATE_INFOPLIST_FILE = YES;
				IPHONEOS_DEPLOYMENT_TARGET = 16.2;
				MARKETING_VERSION = 1.0;
				PRODUCT_BUNDLE_IDENTIFIER = com.exampleTest.PicsumTask.PicsumTaskTests;
				PRODUCT_NAME = "$(TARGET_NAME)";
				SWIFT_EMIT_LOC_STRINGS = NO;
				SWIFT_VERSION = 5.0;
				TARGETED_DEVICE_FAMILY = "1,2";
				TEST_HOST = "$(BUILT_PRODUCTS_DIR)/PicsumTask.app/$(BUNDLE_EXECUTABLE_FOLDER_PATH)/PicsumTask";
			};
			name = Debug;
		};
		E2620BE72A0787BB008E4BC7 /* Release */ = {
			isa = XCBuildConfiguration;
			baseConfigurationReference = C121D54A043E6DDF2ED8D65C /* Pods-PicsumTaskTests.release.xcconfig */;
			buildSettings = {
				ALWAYS_EMBED_SWIFT_STANDARD_LIBRARIES = YES;
				BUNDLE_LOADER = "$(TEST_HOST)";
				CODE_SIGN_STYLE = Automatic;
				CURRENT_PROJECT_VERSION = 1;
				GENERATE_INFOPLIST_FILE = YES;
				IPHONEOS_DEPLOYMENT_TARGET = 16.2;
				MARKETING_VERSION = 1.0;
				PRODUCT_BUNDLE_IDENTIFIER = com.exampleTest.PicsumTask.PicsumTaskTests;
				PRODUCT_NAME = "$(TARGET_NAME)";
				SWIFT_EMIT_LOC_STRINGS = NO;
				SWIFT_VERSION = 5.0;
				TARGETED_DEVICE_FAMILY = "1,2";
				TEST_HOST = "$(BUILT_PRODUCTS_DIR)/PicsumTask.app/$(BUNDLE_EXECUTABLE_FOLDER_PATH)/PicsumTask";
			};
			name = Release;
		};
		E2620BE92A0787BB008E4BC7 /* Debug */ = {
			isa = XCBuildConfiguration;
			baseConfigurationReference = A2823BEA9BDC7990CE4F3632 /* Pods-PicsumTask-PicsumTaskUITests.debug.xcconfig */;
			buildSettings = {
				ALWAYS_EMBED_SWIFT_STANDARD_LIBRARIES = YES;
				CODE_SIGN_STYLE = Automatic;
				CURRENT_PROJECT_VERSION = 1;
				GENERATE_INFOPLIST_FILE = YES;
				MARKETING_VERSION = 1.0;
				PRODUCT_BUNDLE_IDENTIFIER = com.exampleTest.PicsumTask.PicsumTaskUITests;
				PRODUCT_NAME = "$(TARGET_NAME)";
				SWIFT_EMIT_LOC_STRINGS = NO;
				SWIFT_VERSION = 5.0;
				TARGETED_DEVICE_FAMILY = "1,2";
				TEST_TARGET_NAME = PicsumTask;
			};
			name = Debug;
		};
		E2620BEA2A0787BB008E4BC7 /* Release */ = {
			isa = XCBuildConfiguration;
			baseConfigurationReference = A213AA156A43B8AEED547F87 /* Pods-PicsumTask-PicsumTaskUITests.release.xcconfig */;
			buildSettings = {
				ALWAYS_EMBED_SWIFT_STANDARD_LIBRARIES = YES;
				CODE_SIGN_STYLE = Automatic;
				CURRENT_PROJECT_VERSION = 1;
				GENERATE_INFOPLIST_FILE = YES;
				MARKETING_VERSION = 1.0;
				PRODUCT_BUNDLE_IDENTIFIER = com.exampleTest.PicsumTask.PicsumTaskUITests;
				PRODUCT_NAME = "$(TARGET_NAME)";
				SWIFT_EMIT_LOC_STRINGS = NO;
				SWIFT_VERSION = 5.0;
				TARGETED_DEVICE_FAMILY = "1,2";
				TEST_TARGET_NAME = PicsumTask;
			};
			name = Release;
		};
/* End XCBuildConfiguration section */

/* Begin XCConfigurationList section */
		E2620BB32A0787BA008E4BC7 /* Build configuration list for PBXProject "PicsumTask" */ = {
			isa = XCConfigurationList;
			buildConfigurations = (
				E2620BE02A0787BB008E4BC7 /* Debug */,
				E2620BE12A0787BB008E4BC7 /* Release */,
			);
			defaultConfigurationIsVisible = 0;
			defaultConfigurationName = Release;
		};
		E2620BE22A0787BB008E4BC7 /* Build configuration list for PBXNativeTarget "PicsumTask" */ = {
			isa = XCConfigurationList;
			buildConfigurations = (
				E2620BE32A0787BB008E4BC7 /* Debug */,
				E2620BE42A0787BB008E4BC7 /* Release */,
			);
			defaultConfigurationIsVisible = 0;
			defaultConfigurationName = Release;
		};
		E2620BE52A0787BB008E4BC7 /* Build configuration list for PBXNativeTarget "PicsumTaskTests" */ = {
			isa = XCConfigurationList;
			buildConfigurations = (
				E2620BE62A0787BB008E4BC7 /* Debug */,
				E2620BE72A0787BB008E4BC7 /* Release */,
			);
			defaultConfigurationIsVisible = 0;
			defaultConfigurationName = Release;
		};
		E2620BE82A0787BB008E4BC7 /* Build configuration list for PBXNativeTarget "PicsumTaskUITests" */ = {
			isa = XCConfigurationList;
			buildConfigurations = (
				E2620BE92A0787BB008E4BC7 /* Debug */,
				E2620BEA2A0787BB008E4BC7 /* Release */,
			);
			defaultConfigurationIsVisible = 0;
			defaultConfigurationName = Release;
		};
/* End XCConfigurationList section */
	};
	rootObject = E2620BB02A0787BA008E4BC7 /* Project object */;
}
